# THIS IS AN AUTOGENERATED FILE. DO NOT EDIT THIS FILE DIRECTLY.
# yarn lockfile v1


component-clone@0.2.2:
  version "0.2.2"
  resolved "https://registry.yarnpkg.com/component-clone/-/component-clone-0.2.2.tgz#c7f5979822880fad8cfb0962ba29186d061ee04f"
  dependencies:
    component-type "*"

component-emitter@1.2.0:
  version "1.2.0"
  resolved "https://registry.yarnpkg.com/component-emitter/-/component-emitter-1.2.0.tgz#ccd113a86388d06482d03de3fc7df98526ba8efe"

component-raf@1.2.0:
  version "1.2.0"
  resolved "https://registry.yarnpkg.com/component-raf/-/component-raf-1.2.0.tgz#b2bc72d43f1b014fde7a4b3c447c764bc73ccbaa"

component-tween@1.2.0:
  version "1.2.0"
  resolved "https://registry.yarnpkg.com/component-tween/-/component-tween-1.2.0.tgz#cc39ce5dbab05b52825f41d1947638a0b01b2b8a"
  dependencies:
    component-clone "0.2.2"
    component-emitter "1.2.0"
    component-type "1.1.0"
    ease-component "1.0.0"

component-type@*:
  version "1.2.1"
  resolved "https://registry.yarnpkg.com/component-type/-/component-type-1.2.1.tgz#8a47901700238e4fc32269771230226f24b415a9"

component-type@1.1.0:
  version "1.1.0"
  resolved "https://registry.yarnpkg.com/component-type/-/component-type-1.1.0.tgz#95b666aad53e5c8d1f2be135c45b5d499197c0c5"

ease-component@1.0.0:
  version "1.0.0"
  resolved "https://registry.yarnpkg.com/ease-component/-/ease-component-1.0.0.tgz#b375726db0b5b04595b77440396fec7daa5d77c9"

scroll-to@sashashakun/ssr-scroll-to:
  version "0.0.2"
  resolved "https://codeload.github.com/sashashakun/ssr-scroll-to/tar.gz/1f7c0f12d34cfd290a17a8dde5f8acb47ced69f4"
  dependencies:
    component-raf "1.2.0"
    component-tween "1.2.0"
